
Microsoft Visual Studio Solution File, Format Version 12.00
# Visual Studio Version 17
VisualStudioVersion = 17.4.33213.308
MinimumVisualStudioVersion = 10.0.40219.1
Project("{FAE04EC0-301F-11D3-BF4B-00C04F79EFBC}") = "AspAuthDemoApp", "AspAuthDemoApp\AspAuthDemoApp.csproj", "{A3E9A811-F656-4C9B-B1C3-E5514FC9876C}"
EndProject
Global
	GlobalSection(SolutionConfigurationPlatforms) = preSolution
		Debug|Any CPU = Debug|Any CPU
		Release|Any CPU = Release|Any CPU
	EndGlobalSection
	GlobalSection(ProjectConfigurationPlatforms) = postSolution
		{A3E9A811-F656-4C9B-B1C3-E5514FC9876C}.Debug|Any CPU.ActiveCfg = Debug|Any CPU
		{A3E9A811-F656-4C9B-B1C3-E5514FC9876C}.Debug|Any CPU.Build.0 = Debug|Any CPU
		{A3E9A811-F656-4C9B-B1C3-E5514FC9876C}.Release|Any CPU.ActiveCfg = Release|Any CPU
		{A3E9A811-F656-4C9B-B1C3-E5514FC9876C}.Release|Any CPU.Build.0 = Release|Any CPU
	EndGlobalSection
	GlobalSection(SolutionProperties) = preSolution
		HideSolutionNode = FALSE
	EndGlobalSection
	GlobalSection(ExtensibilityGlobals) = postSolution
		SolutionGuid = {954169C0-2364-444C-9DF2-78D2A4EA369D}
	EndGlobalSection
EndGlobal
